# This file is autogenerated, do not edit; changes may be undone by the next 'dep ensure'.


[[projects]]
  name = "github.com/aws/aws-lambda-go"
  packages = [
    "events",
    "lambda",
    "lambda/messages",
    "lambdacontext"
  ]
  revision = "4d30d0ff60440c2d0480a15747c96ee71c3c53d4"
  version = "v1.2.0"

[[projects]]
  name = "github.com/vanng822/go-solr"
  packages = ["solr"]
  revision = "1bb020926a25e5470a9b7c61ba6f38cd92e83283"
  version = "v0.5"

[solve-meta]
  analyzer-name = "dep"
  analyzer-version = 1
  inputs-digest = "c66380c738c00ef34173eaa884f49716de9bdf9741ce7b401da0abc9a2bbb70a"
  solver-name = "gps-cdcl"
  solver-version = 1
